
Microsoft Visual Studio Solution File, Format Version 12.00
# Visual Studio Version 17
VisualStudioVersion = 17.7.34202.233
MinimumVisualStudioVersion = 10.0.40219.1
Project("{FAE04EC0-301F-11D3-BF4B-00C04F79EFBC}") = "OnlineMarketplace", "OnlineMarketplace\OnlineMarketplace.csproj", "{DE41E8FC-C1D8-4F30-9DBD-3E097696106D}"
EndProject
Global
	GlobalSection(SolutionConfigurationPlatforms) = preSolution
		Debug|Any CPU = Debug|Any CPU
		Release|Any CPU = Release|Any CPU
	EndGlobalSection
	GlobalSection(ProjectConfigurationPlatforms) = postSolution
		{DE41E8FC-C1D8-4F30-9DBD-3E097696106D}.Debug|Any CPU.ActiveCfg = Debug|Any CPU
		{DE41E8FC-C1D8-4F30-9DBD-3E097696106D}.Debug|Any CPU.Build.0 = Debug|Any CPU
		{DE41E8FC-C1D8-4F30-9DBD-3E097696106D}.Release|Any CPU.ActiveCfg = Release|Any CPU
		{DE41E8FC-C1D8-4F30-9DBD-3E097696106D}.Release|Any CPU.Build.0 = Release|Any CPU
	EndGlobalSection
	GlobalSection(SolutionProperties) = preSolution
		HideSolutionNode = FALSE
	EndGlobalSection
	GlobalSection(ExtensibilityGlobals) = postSolution
		SolutionGuid = {348DE714-CE10-44C3-A1C6-B548C92EFADA}
	EndGlobalSection
EndGlobal
